
Microsoft Visual Studio Solution File, Format Version 12.00
# Visual Studio Version 16
VisualStudioVersion = 16.0.30523.141
MinimumVisualStudioVersion = 10.0.40219.1
Project("{FAE04EC0-301F-11D3-BF4B-00C04F79EFBC}") = "Assignment4-Vending-Machine", "Assignment4-Vending-Machine\Assignment4-Vending-Machine.csproj", "{2D1870D0-6579-4B30-8FB9-66C21AF8DADA}"
EndProject
Global
	GlobalSection(SolutionConfigurationPlatforms) = preSolution
		Debug|Any CPU = Debug|Any CPU
		Release|Any CPU = Release|Any CPU
	EndGlobalSection
	GlobalSection(ProjectConfigurationPlatforms) = postSolution
		{2D1870D0-6579-4B30-8FB9-66C21AF8DADA}.Debug|Any CPU.ActiveCfg = Debug|Any CPU
		{2D1870D0-6579-4B30-8FB9-66C21AF8DADA}.Debug|Any CPU.Build.0 = Debug|Any CPU
		{2D1870D0-6579-4B30-8FB9-66C21AF8DADA}.Release|Any CPU.ActiveCfg = Release|Any CPU
		{2D1870D0-6579-4B30-8FB9-66C21AF8DADA}.Release|Any CPU.Build.0 = Release|Any CPU
	EndGlobalSection
	GlobalSection(SolutionProperties) = preSolution
		HideSolutionNode = FALSE
	EndGlobalSection
	GlobalSection(ExtensibilityGlobals) = postSolution
		SolutionGuid = {53BF198C-385D-4EEA-9BE0-6968A93CA17A}
	EndGlobalSection
EndGlobal
